
Microsoft Visual Studio Solution File, Format Version 12.00
# Visual Studio Version 17
VisualStudioVersion = 17.9.34511.98
MinimumVisualStudioVersion = 10.0.40219.1
Project("{FAE04EC0-301F-11D3-BF4B-00C04F79EFBC}") = "PGJsonFilter", "PGJsonFilter\PGJsonFilter.csproj", "{B8D3A296-2DC1-4316-9FF6-D8CCC97AA7C8}"
EndProject
Global
	GlobalSection(SolutionConfigurationPlatforms) = preSolution
		Debug|Any CPU = Debug|Any CPU
		Release|Any CPU = Release|Any CPU
	EndGlobalSection
	GlobalSection(ProjectConfigurationPlatforms) = postSolution
		{B8D3A296-2DC1-4316-9FF6-D8CCC97AA7C8}.Debug|Any CPU.ActiveCfg = Debug|Any CPU
		{B8D3A296-2DC1-4316-9FF6-D8CCC97AA7C8}.Debug|Any CPU.Build.0 = Debug|Any CPU
		{B8D3A296-2DC1-4316-9FF6-D8CCC97AA7C8}.Release|Any CPU.ActiveCfg = Release|Any CPU
		{B8D3A296-2DC1-4316-9FF6-D8CCC97AA7C8}.Release|Any CPU.Build.0 = Release|Any CPU
	EndGlobalSection
	GlobalSection(SolutionProperties) = preSolution
		HideSolutionNode = FALSE
	EndGlobalSection
	GlobalSection(ExtensibilityGlobals) = postSolution
		SolutionGuid = {12D950D7-0F7A-40DB-A253-FE777C7BC9CC}
	EndGlobalSection
EndGlobal
